
Microsoft Visual Studio Solution File, Format Version 12.00
# Visual Studio Version 17
VisualStudioVersion = 17.3.32901.215
MinimumVisualStudioVersion = 10.0.40219.1
Project("{9A19103F-16F7-4668-BE54-9A1E7A4F7556}") = "ConversorDeMoeda", "ConversorDeMoeda\ConversorDeMoeda.csproj", "{CB32887B-C60F-4402-BABB-27440938BD05}"
EndProject
Project("{9A19103F-16F7-4668-BE54-9A1E7A4F7556}") = "RetornaPessoaMaisVelha", "RetornaPessoaMaisVelha\RetornaPessoaMaisVelha.csproj", "{4431F234-4AC4-48BA-A4FA-0EEF0028A734}"
EndProject
Project("{9A19103F-16F7-4668-BE54-9A1E7A4F7556}") = "CalculosRetangulo", "CalculosRetangulo\CalculosRetangulo.csproj", "{B78B58EB-CABA-4358-8CF2-AC050E5F58CB}"
EndProject
Project("{9A19103F-16F7-4668-BE54-9A1E7A4F7556}") = "CalcularMediaAluno", "CalcularMediaAluno\CalcularMediaAluno.csproj", "{49F5EFAF-D53A-47DA-B495-5F753FB342A5}"
EndProject
Project("{9A19103F-16F7-4668-BE54-9A1E7A4F7556}") = "AtualizarEstoque", "AtualizarEstoque\AtualizarEstoque.csproj", "{A9717049-73ED-4694-9C24-325455F09DE6}"
EndProject
Project("{9A19103F-16F7-4668-BE54-9A1E7A4F7556}") = "GerenciarFuncionario", "GerenciarFuncionario\GerenciarFuncionario.csproj", "{8264E030-BC7F-4C65-B5CE-0DEF30B651EB}"
EndProject
Project("{9A19103F-16F7-4668-BE54-9A1E7A4F7556}") = "ContaBancaria", "ContaBancaria\ContaBancaria.csproj", "{AD7FB649-210F-40C2-877A-1EEF5DA58930}"
EndProject
Project("{9A19103F-16F7-4668-BE54-9A1E7A4F7556}") = "Vetores", "Vetores\Vetores.csproj", "{1221ADAB-2405-4759-B565-0612718DE1B5}"
EndProject
Project("{FAE04EC0-301F-11D3-BF4B-00C04F79EFBC}") = "Listas", "Listas\Listas.csproj", "{4461641F-288B-4A58-A8CC-F8CE2CBDA661}"
EndProject
Project("{FAE04EC0-301F-11D3-BF4B-00C04F79EFBC}") = "Matrizes", "Matrizes\Matrizes.csproj", "{CCA4A2B6-7BEB-4AFD-A662-19C03A4CA265}"
EndProject
Project("{FAE04EC0-301F-11D3-BF4B-00C04F79EFBC}") = "Geral", "Geral\Geral.csproj", "{4A4F27E8-40F7-4E78-9E9E-795F1F59C3E5}"
EndProject
Global
	GlobalSection(SolutionConfigurationPlatforms) = preSolution
		Debug|Any CPU = Debug|Any CPU
		Release|Any CPU = Release|Any CPU
	EndGlobalSection
	GlobalSection(ProjectConfigurationPlatforms) = postSolution
		{CB32887B-C60F-4402-BABB-27440938BD05}.Debug|Any CPU.ActiveCfg = Debug|Any CPU
		{CB32887B-C60F-4402-BABB-27440938BD05}.Debug|Any CPU.Build.0 = Debug|Any CPU
		{CB32887B-C60F-4402-BABB-27440938BD05}.Release|Any CPU.ActiveCfg = Release|Any CPU
		{CB32887B-C60F-4402-BABB-27440938BD05}.Release|Any CPU.Build.0 = Release|Any CPU
		{4431F234-4AC4-48BA-A4FA-0EEF0028A734}.Debug|Any CPU.ActiveCfg = Debug|Any CPU
		{4431F234-4AC4-48BA-A4FA-0EEF0028A734}.Debug|Any CPU.Build.0 = Debug|Any CPU
		{4431F234-4AC4-48BA-A4FA-0EEF0028A734}.Release|Any CPU.ActiveCfg = Release|Any CPU
		{4431F234-4AC4-48BA-A4FA-0EEF0028A734}.Release|Any CPU.Build.0 = Release|Any CPU
		{B78B58EB-CABA-4358-8CF2-AC050E5F58CB}.Debug|Any CPU.ActiveCfg = Debug|Any CPU
		{B78B58EB-CABA-4358-8CF2-AC050E5F58CB}.Debug|Any CPU.Build.0 = Debug|Any CPU
		{B78B58EB-CABA-4358-8CF2-AC050E5F58CB}.Release|Any CPU.ActiveCfg = Release|Any CPU
		{B78B58EB-CABA-4358-8CF2-AC050E5F58CB}.Release|Any CPU.Build.0 = Release|Any CPU
		{49F5EFAF-D53A-47DA-B495-5F753FB342A5}.Debug|Any CPU.ActiveCfg = Debug|Any CPU
		{49F5EFAF-D53A-47DA-B495-5F753FB342A5}.Debug|Any CPU.Build.0 = Debug|Any CPU
		{49F5EFAF-D53A-47DA-B495-5F753FB342A5}.Release|Any CPU.ActiveCfg = Release|Any CPU
		{49F5EFAF-D53A-47DA-B495-5F753FB342A5}.Release|Any CPU.Build.0 = Release|Any CPU
		{A9717049-73ED-4694-9C24-325455F09DE6}.Debug|Any CPU.ActiveCfg = Debug|Any CPU
		{A9717049-73ED-4694-9C24-325455F09DE6}.Debug|Any CPU.Build.0 = Debug|Any CPU
		{A9717049-73ED-4694-9C24-325455F09DE6}.Release|Any CPU.ActiveCfg = Release|Any CPU
		{A9717049-73ED-4694-9C24-325455F09DE6}.Release|Any CPU.Build.0 = Release|Any CPU
		{8264E030-BC7F-4C65-B5CE-0DEF30B651EB}.Debug|Any CPU.ActiveCfg = Debug|Any CPU
		{8264E030-BC7F-4C65-B5CE-0DEF30B651EB}.Debug|Any CPU.Build.0 = Debug|Any CPU
		{8264E030-BC7F-4C65-B5CE-0DEF30B651EB}.Release|Any CPU.ActiveCfg = Release|Any CPU
		{8264E030-BC7F-4C65-B5CE-0DEF30B651EB}.Release|Any CPU.Build.0 = Release|Any CPU
		{AD7FB649-210F-40C2-877A-1EEF5DA58930}.Debug|Any CPU.ActiveCfg = Debug|Any CPU
		{AD7FB649-210F-40C2-877A-1EEF5DA58930}.Debug|Any CPU.Build.0 = Debug|Any CPU
		{AD7FB649-210F-40C2-877A-1EEF5DA58930}.Release|Any CPU.ActiveCfg = Release|Any CPU
		{AD7FB649-210F-40C2-877A-1EEF5DA58930}.Release|Any CPU.Build.0 = Release|Any CPU
		{1221ADAB-2405-4759-B565-0612718DE1B5}.Debug|Any CPU.ActiveCfg = Debug|Any CPU
		{1221ADAB-2405-4759-B565-0612718DE1B5}.Debug|Any CPU.Build.0 = Debug|Any CPU
		{1221ADAB-2405-4759-B565-0612718DE1B5}.Release|Any CPU.ActiveCfg = Release|Any CPU
		{1221ADAB-2405-4759-B565-0612718DE1B5}.Release|Any CPU.Build.0 = Release|Any CPU
		{4461641F-288B-4A58-A8CC-F8CE2CBDA661}.Debug|Any CPU.ActiveCfg = Debug|Any CPU
		{4461641F-288B-4A58-A8CC-F8CE2CBDA661}.Debug|Any CPU.Build.0 = Debug|Any CPU
		{4461641F-288B-4A58-A8CC-F8CE2CBDA661}.Release|Any CPU.ActiveCfg = Release|Any CPU
		{4461641F-288B-4A58-A8CC-F8CE2CBDA661}.Release|Any CPU.Build.0 = Release|Any CPU
		{CCA4A2B6-7BEB-4AFD-A662-19C03A4CA265}.Debug|Any CPU.ActiveCfg = Debug|Any CPU
		{CCA4A2B6-7BEB-4AFD-A662-19C03A4CA265}.Debug|Any CPU.Build.0 = Debug|Any CPU
		{CCA4A2B6-7BEB-4AFD-A662-19C03A4CA265}.Release|Any CPU.ActiveCfg = Release|Any CPU
		{CCA4A2B6-7BEB-4AFD-A662-19C03A4CA265}.Release|Any CPU.Build.0 = Release|Any CPU
		{4A4F27E8-40F7-4E78-9E9E-795F1F59C3E5}.Debug|Any CPU.ActiveCfg = Debug|Any CPU
		{4A4F27E8-40F7-4E78-9E9E-795F1F59C3E5}.Debug|Any CPU.Build.0 = Debug|Any CPU
		{4A4F27E8-40F7-4E78-9E9E-795F1F59C3E5}.Release|Any CPU.ActiveCfg = Release|Any CPU
		{4A4F27E8-40F7-4E78-9E9E-795F1F59C3E5}.Release|Any CPU.Build.0 = Release|Any CPU
	EndGlobalSection
	GlobalSection(SolutionProperties) = preSolution
		HideSolutionNode = FALSE
	EndGlobalSection
	GlobalSection(ExtensibilityGlobals) = postSolution
		SolutionGuid = {3D8A4E25-E1B0-44C0-AB4C-816587D30B44}
	EndGlobalSection
EndGlobal
